
Microsoft Visual Studio Solution File, Format Version 12.00
# Visual Studio Version 17
VisualStudioVersion = 17.8.34511.84
MinimumVisualStudioVersion = 10.0.40219.1
Project("{9A19103F-16F7-4668-BE54-9A1E7A4F7556}") = "RestAPI_Maxxi", "RestAPI_Maxxi.csproj", "{47BFECAE-BBBE-49B6-B42B-9871BBC471B6}"
EndProject
Project("{FAE04EC0-301F-11D3-BF4B-00C04F79EFBC}") = "PruebasUnitarias", "..\PruebasUnitarias\PruebasUnitarias.csproj", "{49369836-A6C6-48F4-B92C-5642082601FC}"
EndProject
Global
	GlobalSection(SolutionConfigurationPlatforms) = preSolution
		Debug|Any CPU = Debug|Any CPU
		Release|Any CPU = Release|Any CPU
	EndGlobalSection
	GlobalSection(ProjectConfigurationPlatforms) = postSolution
		{47BFECAE-BBBE-49B6-B42B-9871BBC471B6}.Debug|Any CPU.ActiveCfg = Debug|Any CPU
		{47BFECAE-BBBE-49B6-B42B-9871BBC471B6}.Debug|Any CPU.Build.0 = Debug|Any CPU
		{47BFECAE-BBBE-49B6-B42B-9871BBC471B6}.Release|Any CPU.ActiveCfg = Release|Any CPU
		{47BFECAE-BBBE-49B6-B42B-9871BBC471B6}.Release|Any CPU.Build.0 = Release|Any CPU
		{49369836-A6C6-48F4-B92C-5642082601FC}.Debug|Any CPU.ActiveCfg = Debug|Any CPU
		{49369836-A6C6-48F4-B92C-5642082601FC}.Debug|Any CPU.Build.0 = Debug|Any CPU
		{49369836-A6C6-48F4-B92C-5642082601FC}.Release|Any CPU.ActiveCfg = Release|Any CPU
		{49369836-A6C6-48F4-B92C-5642082601FC}.Release|Any CPU.Build.0 = Release|Any CPU
	EndGlobalSection
	GlobalSection(SolutionProperties) = preSolution
		HideSolutionNode = FALSE
	EndGlobalSection
	GlobalSection(ExtensibilityGlobals) = postSolution
		SolutionGuid = {70770A3D-3DB3-4664-B8D3-EF6E106AC763}
	EndGlobalSection
EndGlobal
